
Microsoft Visual Studio Solution File, Format Version 12.00
# Visual Studio Version 16
VisualStudioVersion = 16.0.31112.23
MinimumVisualStudioVersion = 10.0.40219.1
Project("{2150E333-8FDC-42A3-9474-1A3956D46DE8}") = "1-Presentation", "1-Presentation", "{E26A4CFC-B29F-4430-A86E-1C5ECB100AB0}"
EndProject
Project("{2150E333-8FDC-42A3-9474-1A3956D46DE8}") = "2-Application", "2-Application", "{957FF189-1738-416E-924E-18C953375654}"
EndProject
Project("{2150E333-8FDC-42A3-9474-1A3956D46DE8}") = "3-Domain", "3-Domain", "{1F455DEE-0768-416F-8BD8-3C4EA8B48CB0}"
EndProject
Project("{2150E333-8FDC-42A3-9474-1A3956D46DE8}") = "4-Infra", "4-Infra", "{10FEB728-0208-4225-8CE6-42ADA2079F0C}"
EndProject
Project("{2150E333-8FDC-42A3-9474-1A3956D46DE8}") = "5-Entities", "5-Entities", "{813BC84F-6457-476D-ADF4-161A1781D5AF}"
EndProject
Project("{FAE04EC0-301F-11D3-BF4B-00C04F79EFBC}") = "Entities", "Entities\Entities.csproj", "{52BC9E5B-074E-4A91-8A7C-2EB20AE998C9}"
EndProject
Project("{FAE04EC0-301F-11D3-BF4B-00C04F79EFBC}") = "Infrastructure", "Infrastructure\Infrastructure.csproj", "{CA20D030-65E8-4824-A6E4-C91019D11336}"
EndProject
Project("{FAE04EC0-301F-11D3-BF4B-00C04F79EFBC}") = "Domain", "Domain\Domain.csproj", "{2AA6A53D-C849-4362-8E74-4A6E26155F03}"
EndProject
Project("{FAE04EC0-301F-11D3-BF4B-00C04F79EFBC}") = "ApplicationApp", "ApplicationApp\ApplicationApp.csproj", "{0907EA54-CAC8-48C3-9205-A81B0FE31F4E}"
EndProject
Global
	GlobalSection(SolutionConfigurationPlatforms) = preSolution
		Debug|Any CPU = Debug|Any CPU
		Release|Any CPU = Release|Any CPU
	EndGlobalSection
	GlobalSection(ProjectConfigurationPlatforms) = postSolution
		{52BC9E5B-074E-4A91-8A7C-2EB20AE998C9}.Debug|Any CPU.ActiveCfg = Debug|Any CPU
		{52BC9E5B-074E-4A91-8A7C-2EB20AE998C9}.Debug|Any CPU.Build.0 = Debug|Any CPU
		{52BC9E5B-074E-4A91-8A7C-2EB20AE998C9}.Release|Any CPU.ActiveCfg = Release|Any CPU
		{52BC9E5B-074E-4A91-8A7C-2EB20AE998C9}.Release|Any CPU.Build.0 = Release|Any CPU
		{CA20D030-65E8-4824-A6E4-C91019D11336}.Debug|Any CPU.ActiveCfg = Debug|Any CPU
		{CA20D030-65E8-4824-A6E4-C91019D11336}.Debug|Any CPU.Build.0 = Debug|Any CPU
		{CA20D030-65E8-4824-A6E4-C91019D11336}.Release|Any CPU.ActiveCfg = Release|Any CPU
		{CA20D030-65E8-4824-A6E4-C91019D11336}.Release|Any CPU.Build.0 = Release|Any CPU
		{2AA6A53D-C849-4362-8E74-4A6E26155F03}.Debug|Any CPU.ActiveCfg = Debug|Any CPU
		{2AA6A53D-C849-4362-8E74-4A6E26155F03}.Debug|Any CPU.Build.0 = Debug|Any CPU
		{2AA6A53D-C849-4362-8E74-4A6E26155F03}.Release|Any CPU.ActiveCfg = Release|Any CPU
		{2AA6A53D-C849-4362-8E74-4A6E26155F03}.Release|Any CPU.Build.0 = Release|Any CPU
		{0907EA54-CAC8-48C3-9205-A81B0FE31F4E}.Debug|Any CPU.ActiveCfg = Debug|Any CPU
		{0907EA54-CAC8-48C3-9205-A81B0FE31F4E}.Debug|Any CPU.Build.0 = Debug|Any CPU
		{0907EA54-CAC8-48C3-9205-A81B0FE31F4E}.Release|Any CPU.ActiveCfg = Release|Any CPU
		{0907EA54-CAC8-48C3-9205-A81B0FE31F4E}.Release|Any CPU.Build.0 = Release|Any CPU
	EndGlobalSection
	GlobalSection(SolutionProperties) = preSolution
		HideSolutionNode = FALSE
	EndGlobalSection
	GlobalSection(NestedProjects) = preSolution
		{52BC9E5B-074E-4A91-8A7C-2EB20AE998C9} = {813BC84F-6457-476D-ADF4-161A1781D5AF}
		{CA20D030-65E8-4824-A6E4-C91019D11336} = {10FEB728-0208-4225-8CE6-42ADA2079F0C}
		{2AA6A53D-C849-4362-8E74-4A6E26155F03} = {1F455DEE-0768-416F-8BD8-3C4EA8B48CB0}
		{0907EA54-CAC8-48C3-9205-A81B0FE31F4E} = {957FF189-1738-416E-924E-18C953375654}
	EndGlobalSection
	GlobalSection(ExtensibilityGlobals) = postSolution
		SolutionGuid = {1C057ED6-C000-4617-8468-01CB92B94FD3}
	EndGlobalSection
EndGlobal
